
Microsoft Visual Studio Solution File, Format Version 12.00
# Visual Studio Version 17
VisualStudioVersion = 17.14.36414.22 d17.14
MinimumVisualStudioVersion = 10.0.40219.1
Project("{FAE04EC0-301F-11D3-BF4B-00C04F79EFBC}") = "Lab-05-Su dung Listbox - Quan ly tinh tien phong kham rang", "Lab-05-Su dung Listbox - Quan ly tinh tien phong kham rang.csproj", "{B45208FD-7B10-4747-AE98-1B803044FE99}"
EndProject
Global
	GlobalSection(SolutionConfigurationPlatforms) = preSolution
		Debug|Any CPU = Debug|Any CPU
		Release|Any CPU = Release|Any CPU
	EndGlobalSection
	GlobalSection(ProjectConfigurationPlatforms) = postSolution
		{B45208FD-7B10-4747-AE98-1B803044FE99}.Debug|Any CPU.ActiveCfg = Debug|Any CPU
		{B45208FD-7B10-4747-AE98-1B803044FE99}.Debug|Any CPU.Build.0 = Debug|Any CPU
		{B45208FD-7B10-4747-AE98-1B803044FE99}.Release|Any CPU.ActiveCfg = Release|Any CPU
		{B45208FD-7B10-4747-AE98-1B803044FE99}.Release|Any CPU.Build.0 = Release|Any CPU
	EndGlobalSection
	GlobalSection(SolutionProperties) = preSolution
		HideSolutionNode = FALSE
	EndGlobalSection
	GlobalSection(ExtensibilityGlobals) = postSolution
		SolutionGuid = {A32BF57E-E84E-4593-B72A-3C270635B987}
	EndGlobalSection
EndGlobal
