
Microsoft Visual Studio Solution File, Format Version 12.00
# Visual Studio Version 17
VisualStudioVersion = 17.14.36414.22 d17.14
MinimumVisualStudioVersion = 10.0.40219.1
Project("{FAE04EC0-301F-11D3-BF4B-00C04F79EFBC}") = "WinFormsApp1", "WinFormsApp1.csproj", "{06E420C4-05CA-4CCC-AB24-749FD2F8D97F}"
EndProject
Global
	GlobalSection(SolutionConfigurationPlatforms) = preSolution
		Debug|Any CPU = Debug|Any CPU
		Release|Any CPU = Release|Any CPU
	EndGlobalSection
	GlobalSection(ProjectConfigurationPlatforms) = postSolution
		{06E420C4-05CA-4CCC-AB24-749FD2F8D97F}.Debug|Any CPU.ActiveCfg = Debug|Any CPU
		{06E420C4-05CA-4CCC-AB24-749FD2F8D97F}.Debug|Any CPU.Build.0 = Debug|Any CPU
		{06E420C4-05CA-4CCC-AB24-749FD2F8D97F}.Release|Any CPU.ActiveCfg = Release|Any CPU
		{06E420C4-05CA-4CCC-AB24-749FD2F8D97F}.Release|Any CPU.Build.0 = Release|Any CPU
	EndGlobalSection
	GlobalSection(SolutionProperties) = preSolution
		HideSolutionNode = FALSE
	EndGlobalSection
	GlobalSection(ExtensibilityGlobals) = postSolution
		SolutionGuid = {810D21BC-C63A-4933-AE80-BDEB3B037714}
	EndGlobalSection
EndGlobal
