
Microsoft Visual Studio Solution File, Format Version 12.00
# Visual Studio Version 17
VisualStudioVersion = 17.14.36414.22 d17.14
MinimumVisualStudioVersion = 10.0.40219.1
Project("{FAE04EC0-301F-11D3-BF4B-00C04F79EFBC}") = "Lab-02", "Lab-02.csproj", "{7804E528-19C9-48CE-AD21-4E2735822332}"
EndProject
Global
	GlobalSection(SolutionConfigurationPlatforms) = preSolution
		Debug|Any CPU = Debug|Any CPU
		Release|Any CPU = Release|Any CPU
	EndGlobalSection
	GlobalSection(ProjectConfigurationPlatforms) = postSolution
		{7804E528-19C9-48CE-AD21-4E2735822332}.Debug|Any CPU.ActiveCfg = Debug|Any CPU
		{7804E528-19C9-48CE-AD21-4E2735822332}.Debug|Any CPU.Build.0 = Debug|Any CPU
		{7804E528-19C9-48CE-AD21-4E2735822332}.Release|Any CPU.ActiveCfg = Release|Any CPU
		{7804E528-19C9-48CE-AD21-4E2735822332}.Release|Any CPU.Build.0 = Release|Any CPU
	EndGlobalSection
	GlobalSection(SolutionProperties) = preSolution
		HideSolutionNode = FALSE
	EndGlobalSection
	GlobalSection(ExtensibilityGlobals) = postSolution
		SolutionGuid = {14CEC6F6-3868-4177-8070-C45B5DAC7DA4}
	EndGlobalSection
EndGlobal
